
Microsoft Visual Studio Solution File, Format Version 12.00
# Visual Studio 15
VisualStudioVersion = 15.0.28010.2046
MinimumVisualStudioVersion = 10.0.40219.1
Project("{FAE04EC0-301F-11D3-BF4B-00C04F79EFBC}") = "KhadijaTraining", "KhadijaTraining.csproj", "{4F3C334E-6C24-427D-9EFF-093FDB212A3B}"
EndProject
Global
	GlobalSection(SolutionConfigurationPlatforms) = preSolution
		Debug|Any CPU = Debug|Any CPU
		Release|Any CPU = Release|Any CPU
	EndGlobalSection
	GlobalSection(ProjectConfigurationPlatforms) = postSolution
		{4F3C334E-6C24-427D-9EFF-093FDB212A3B}.Debug|Any CPU.ActiveCfg = Debug|Any CPU
		{4F3C334E-6C24-427D-9EFF-093FDB212A3B}.Debug|Any CPU.Build.0 = Debug|Any CPU
		{4F3C334E-6C24-427D-9EFF-093FDB212A3B}.Release|Any CPU.ActiveCfg = Release|Any CPU
		{4F3C334E-6C24-427D-9EFF-093FDB212A3B}.Release|Any CPU.Build.0 = Release|Any CPU
	EndGlobalSection
	GlobalSection(SolutionProperties) = preSolution
		HideSolutionNode = FALSE
	EndGlobalSection
	GlobalSection(ExtensibilityGlobals) = postSolution
		SolutionGuid = {E92EDBEE-21D3-4039-9EF8-027EDE26F985}
	EndGlobalSection
EndGlobal
